
Microsoft Visual Studio Solution File, Format Version 12.00
# Visual Studio 15
VisualStudioVersion = 15.0.28307.1585
MinimumVisualStudioVersion = 10.0.40219.1
Project("{8BC9CEB8-8B4A-11D0-8D11-00A0C91BC942}") = "2108", "2108.vcxproj", "{9016038E-932E-4B61-AB6C-0E795B980B4C}"
EndProject
Project("{2150E333-8FDC-42A3-9474-1A3956D46DE8}") = "_Shaders", "_Shaders", "{BD8D9894-E176-4169-A404-E484938E6A46}"
	ProjectSection(SolutionItems) = preProject
		..\_Shaders\004_Effect.fx = ..\_Shaders\004_Effect.fx
		..\_Shaders\005_WVP.fx = ..\_Shaders\005_WVP.fx
		..\_Shaders\006_Rect.fx = ..\_Shaders\006_Rect.fx
	EndProjectSection
EndProject
Global
	GlobalSection(SolutionConfigurationPlatforms) = preSolution
		Debug|x86 = Debug|x86
		Release|x86 = Release|x86
	EndGlobalSection
	GlobalSection(ProjectConfigurationPlatforms) = postSolution
		{9016038E-932E-4B61-AB6C-0E795B980B4C}.Debug|x86.ActiveCfg = Debug|Win32
		{9016038E-932E-4B61-AB6C-0E795B980B4C}.Debug|x86.Build.0 = Debug|Win32
		{9016038E-932E-4B61-AB6C-0E795B980B4C}.Release|x86.ActiveCfg = Release|Win32
		{9016038E-932E-4B61-AB6C-0E795B980B4C}.Release|x86.Build.0 = Release|Win32
	EndGlobalSection
	GlobalSection(SolutionProperties) = preSolution
		HideSolutionNode = FALSE
	EndGlobalSection
	GlobalSection(ExtensibilityGlobals) = postSolution
		SolutionGuid = {A9084A5F-3915-43BD-9774-DB68C0633E68}
	EndGlobalSection
EndGlobal
