
Microsoft Visual Studio Solution File, Format Version 12.00
# Visual Studio 15
VisualStudioVersion = 15.0.28307.1585
MinimumVisualStudioVersion = 10.0.40219.1
Project("{8BC9CEB8-8B4A-11D0-8D11-00A0C91BC942}") = "2108", "2108.vcxproj", "{1C73ED7A-2278-4F2D-8C8E-06AF59903F0A}"
EndProject
Global
	GlobalSection(SolutionConfigurationPlatforms) = preSolution
		Debug|x86 = Debug|x86
		Release|x86 = Release|x86
	EndGlobalSection
	GlobalSection(ProjectConfigurationPlatforms) = postSolution
		{1C73ED7A-2278-4F2D-8C8E-06AF59903F0A}.Debug|x86.ActiveCfg = Debug|Win32
		{1C73ED7A-2278-4F2D-8C8E-06AF59903F0A}.Debug|x86.Build.0 = Debug|Win32
		{1C73ED7A-2278-4F2D-8C8E-06AF59903F0A}.Release|x86.ActiveCfg = Release|Win32
		{1C73ED7A-2278-4F2D-8C8E-06AF59903F0A}.Release|x86.Build.0 = Release|Win32
	EndGlobalSection
	GlobalSection(SolutionProperties) = preSolution
		HideSolutionNode = FALSE
	EndGlobalSection
	GlobalSection(ExtensibilityGlobals) = postSolution
		SolutionGuid = {EC0DBD24-E69C-4CD4-8D6A-017027A7D5D1}
	EndGlobalSection
EndGlobal
