<?xml version="1.0" encoding="utf-8"?>
<Project ToolsVersion="4.0" xmlns="http://schemas.microsoft.com/developer/msbuild/2003">
  <ItemGroup>
    <ClCompile Include="Systems\Keyboard.cpp">
      <Filter>Systems</Filter>
    </ClCompile>
    <ClCompile Include="stdafx.cpp" />
    <ClCompile Include="Renders\Shader.cpp">
      <Filter>Renders</Filter>
    </ClCompile>
    <ClCompile Include="Utilities\BinaryFile.cpp">
      <Filter>Utilities</Filter>
    </ClCompile>
    <ClCompile Include="Utilities\Math.cpp">
      <Filter>Utilities</Filter>
    </ClCompile>
    <ClCompile Include="Utilities\Path.cpp">
      <Filter>Utilities</Filter>
    </ClCompile>
    <ClCompile Include="Utilities\String.cpp">
      <Filter>Utilities</Filter>
    </ClCompile>
    <ClCompile Include="Utilities\Xml.cpp">
      <Filter>Utilities</Filter>
    </ClCompile>
    <ClCompile Include="Systems\Time.cpp">
      <Filter>Systems</Filter>
    </ClCompile>
    <ClCompile Include="Systems\Device.cpp">
      <Filter>Systems</Filter>
    </ClCompile>
    <ClCompile Include="Objects\Background.cpp">
      <Filter>Objects</Filter>
    </ClCompile>
    <ClCompile Include="Objects\Bullet.cpp">
      <Filter>Objects</Filter>
    </ClCompile>
    <ClCompile Include="Renders\Clip.cpp">
      <Filter>Renders</Filter>
    </ClCompile>
    <ClCompile Include="Renders\Rect.cpp">
      <Filter>Renders</Filter>
    </ClCompile>
    <ClCompile Include="Renders\Sprite.cpp">
      <Filter>Renders</Filter>
    </ClCompile>
    <ClCompile Include="Renders\Animation.cpp">
      <Filter>Renders</Filter>
    </ClCompile>
    <ClCompile Include="Objects\Player.cpp">
      <Filter>Objects</Filter>
    </ClCompile>
    <ClCompile Include="Viewer\Camera.cpp">
      <Filter>Viewer</Filter>
    </ClCompile>
    <ClCompile Include="Viewer\Freedom.cpp">
      <Filter>Viewer</Filter>
    </ClCompile>
    <ClCompile Include="Viewer\Following.cpp">
      <Filter>Viewer</Filter>
    </ClCompile>
    <ClCompile Include="Systems\DirectWrite.cpp">
      <Filter>Systems</Filter>
    </ClCompile>
    <ClCompile Include="Program.cpp" />
    <ClCompile Include="Scene\Stage1.cpp">
      <Filter>Scene</Filter>
    </ClCompile>
    <ClCompile Include="Scene\Stage2.cpp">
      <Filter>Scene</Filter>
    </ClCompile>
    <ClCompile Include="Objects\Fire.cpp">
      <Filter>Objects</Filter>
    </ClCompile>
  </ItemGroup>
  <ItemGroup>
    <ClInclude Include="Systems\Keyboard.h">
      <Filter>Systems</Filter>
    </ClInclude>
    <ClInclude Include="stdafx.h" />
    <ClInclude Include="Renders\Shader.h">
      <Filter>Renders</Filter>
    </ClInclude>
    <ClInclude Include="Utilities\BinaryFile.h">
      <Filter>Utilities</Filter>
    </ClInclude>
    <ClInclude Include="Utilities\Math.h">
      <Filter>Utilities</Filter>
    </ClInclude>
    <ClInclude Include="Utilities\Path.h">
      <Filter>Utilities</Filter>
    </ClInclude>
    <ClInclude Include="Utilities\String.h">
      <Filter>Utilities</Filter>
    </ClInclude>
    <ClInclude Include="Utilities\Xml.h">
      <Filter>Utilities</Filter>
    </ClInclude>
    <ClInclude Include="Systems\Time.h">
      <Filter>Systems</Filter>
    </ClInclude>
    <ClInclude Include="Systems\Device.h">
      <Filter>Systems</Filter>
    </ClInclude>
    <ClInclude Include="Objects\Background.h">
      <Filter>Objects</Filter>
    </ClInclude>
    <ClInclude Include="Objects\Bullet.h">
      <Filter>Objects</Filter>
    </ClInclude>
    <ClInclude Include="Renders\Clip.h">
      <Filter>Renders</Filter>
    </ClInclude>
    <ClInclude Include="Renders\Rect.h">
      <Filter>Renders</Filter>
    </ClInclude>
    <ClInclude Include="Renders\Sprite.h">
      <Filter>Renders</Filter>
    </ClInclude>
    <ClInclude Include="Renders\Animation.h">
      <Filter>Renders</Filter>
    </ClInclude>
    <ClInclude Include="Objects\Player.h">
      <Filter>Objects</Filter>
    </ClInclude>
    <ClInclude Include="Viewer\Camera.h">
      <Filter>Viewer</Filter>
    </ClInclude>
    <ClInclude Include="Viewer\Freedom.h">
      <Filter>Viewer</Filter>
    </ClInclude>
    <ClInclude Include="Viewer\Following.h">
      <Filter>Viewer</Filter>
    </ClInclude>
    <ClInclude Include="Systems\DirectWrite.h">
      <Filter>Systems</Filter>
    </ClInclude>
    <ClInclude Include="Viewer\IFollowing.h">
      <Filter>Viewer</Filter>
    </ClInclude>
    <ClInclude Include="Scene\Scene.h">
      <Filter>Scene</Filter>
    </ClInclude>
    <ClInclude Include="Scene\Stage1.h">
      <Filter>Scene</Filter>
    </ClInclude>
    <ClInclude Include="Scene\Stage2.h">
      <Filter>Scene</Filter>
    </ClInclude>
    <ClInclude Include="Objects\Fire.h">
      <Filter>Objects</Filter>
    </ClInclude>
  </ItemGroup>
  <ItemGroup>
    <Filter Include="Systems">
      <UniqueIdentifier>{a0793545-2ac3-417e-8a7c-9bc3e0616984}</UniqueIdentifier>
    </Filter>
    <Filter Include="Renders">
      <UniqueIdentifier>{6bf2b31c-9c8a-47a0-b455-90228fad9f6a}</UniqueIdentifier>
    </Filter>
    <Filter Include="Utilities">
      <UniqueIdentifier>{4a4fec0f-2ff6-4263-98e5-44e32c718627}</UniqueIdentifier>
    </Filter>
    <Filter Include="Objects">
      <UniqueIdentifier>{650f1d5f-ab54-41fc-a49c-5ea3d9729852}</UniqueIdentifier>
    </Filter>
    <Filter Include="Viewer">
      <UniqueIdentifier>{d691b7dd-081d-4b26-8d3b-6ab9dcde99ca}</UniqueIdentifier>
    </Filter>
    <Filter Include="Scene">
      <UniqueIdentifier>{8a37c0d5-59c6-42cf-aca0-6085157c3583}</UniqueIdentifier>
    </Filter>
  </ItemGroup>
</Project>